// !$*UTF8*$!
{
	archiveVersion = 1;
	classes = {
	};
	objectVersion = 46;
	objects = {

/* Begin PBXBuildFile section */
		BF483DA41E93BD6C006FB815 /* AppDelegate.swift in Sources */ = {isa = PBXBuildFile; fileRef = BF483DA31E93BD6C006FB815 /* AppDelegate.swift */; };
		BF483DA61E93BD6C006FB815 /* ViewController.swift in Sources */ = {isa = PBXBuildFile; fileRef = BF483DA51E93BD6C006FB815 /* ViewController.swift */; };
		BF483DA91E93BD6C006FB815 /* Main.storyboard in Resources */ = {isa = PBXBuildFile; fileRef = BF483DA71E93BD6C006FB815 /* Main.storyboard */; };
		BF483DAB1E93BD6C006FB815 /* Assets.xcassets in Resources */ = {isa = PBXBuildFile; fileRef = BF483DAA1E93BD6C006FB815 /* Assets.xcassets */; };
		BF483DAE1E93BD6C006FB815 /* LaunchScreen.storyboard in Resources */ = {isa = PBXBuildFile; fileRef = BF483DAC1E93BD6C006FB815 /* LaunchScreen.storyboard */; };
/* End PBXBuildFile section */

/* Begin PBXFileReference section */
		BF483DA01E93BD6C006FB815 /* Calculator.app */ = {isa = PBXFileReference; explicitFileType = wrapper.application; includeInIndex = 0; path = Calculator.app; sourceTree = BUILT_PRODUCTS_DIR; };
		BF483DA31E93BD6C006FB815 /* AppDelegate.swift */ = {isa = PBXFileReference; lastKnownFileType = sourcecode.swift; path = AppDelegate.swift; sourceTree = "<group>"; };
		BF483DA51E93BD6C006FB815 /* ViewController.swift */ = {isa = PBXFileReference; lastKnownFileType = sourcecode.swift; path = ViewController.swift; sourceTree = "<group>"; };
		BF483DA81E93BD6C006FB815 /* Base */ = {isa = PBXFileReference; lastKnownFileType = file.storyboard; name = Base; path = Base.lproj/Main.storyboard; sourceTree = "<group>"; };
		BF483DAA1E93BD6C006FB815 /* Assets.xcassets */ = {isa = PBXFileReference; lastKnownFileType = folder.assetcatalog; path = Assets.xcassets; sourceTree = "<group>"; };
		BF483DAD1E93BD6C006FB815 /* Base */ = {isa = PBXFileReference; lastKnownFileType = file.storyboard; name = Base; path = Base.lproj/LaunchScreen.storyboard; sourceTree = "<group>"; };
		BF483DAF1E93BD6C006FB815 /* Info.plist */ = {isa = PBXFileReference; lastKnownFileType = text.plist.xml; path = Info.plist; sourceTree = "<group>"; };
/* End PBXFileReference section */

/* Begin PBXFrameworksBuildPhase section */
		BF483D9D1E93BD6C006FB815 /* Frameworks */ = {
			isa = PBXFrameworksBuildPhase;
			buildActionMask = 2147483647;
			files = (
			);
			runOnlyForDeploymentPostprocessing = 0;
		};
/* End PBXFrameworksBuildPhase section */

/* Begin PBXGroup section */
		BF483D971E93BD6C006FB815 = {
			isa = PBXGroup;
			children = (
				BF483DA21E93BD6C006FB815 /* Calculator */,
				BF483DA11E93BD6C006FB815 /* Products */,
			);
			sourceTree = "<group>";
		};
		BF483DA11E93BD6C006FB815 /* Products */ = {
			isa = PBXGroup;
			children = (
				BF483DA01E93BD6C006FB815 /* Calculator.app */,
			);
			name = Products;
			sourceTree = "<group>";
		};
		BF483DA21E93BD6C006FB815 /* Calculator */ = {
			isa = PBXGroup;
			children = (
				BF483DA51E93BD6C006FB815 /* ViewController.swift */,
				BF483DA71E93BD6C006FB815 /* Main.storyboard */,
				BF483DB51E93BE93006FB815 /* Supporting Files */,
			);
			path = Calculator;
			sourceTree = "<group>";
		};
		BF483DB51E93BE93006FB815 /* Supporting Files */ = {
			isa = PBXGroup;
			children = (
				BF483DA31E93BD6C006FB815 /* AppDelegate.swift */,
				BF483DAA1E93BD6C006FB815 /* Assets.xcassets */,
				BF483DAC1E93BD6C006FB815 /* LaunchScreen.storyboard */,
				BF483DAF1E93BD6C006FB815 /* Info.plist */,
			);
			name = "Supporting Files";
			sourceTree = "<group>";
		};
/* End PBXGroup section */

/* Begin PBXNativeTarget section */
		BF483D9F1E93BD6C006FB815 /* Calculator */ = {
			isa = PBXNativeTarget;
			buildConfigurationList = BF483DB21E93BD6C006FB815 /* Build configuration list for PBXNativeTarget "Calculator" */;
			buildPhases = (
				BF483D9C1E93BD6C006FB815 /* Sources */,
				BF483D9D1E93BD6C006FB815 /* Frameworks */,
				BF483D9E1E93BD6C006FB815 /* Resources */,
			);
			buildRules = (
			);
			dependencies = (
			);
			name = Calculator;
			productName = Calculator;
			productReference = BF483DA01E93BD6C006FB815 /* Calculator.app */;
			productType = "com.apple.product-type.application";
		};
/* End PBXNativeTarget section */

/* Begin PBXProject section */
		BF483D981E93BD6C006FB815 /* Project object */ = {
			isa = PBXProject;
			attributes = {
				LastSwiftUpdateCheck = 0820;
				LastUpgradeCheck = 0820;
				ORGANIZATIONNAME = MonoMills;
				TargetAttributes = {
					BF483D9F1E93BD6C006FB815 = {
						CreatedOnToolsVersion = 8.2.1;
						DevelopmentTeam = VRG6PLH725;
						ProvisioningStyle = Automatic;
					};
				};
			};
			buildConfigurationList = BF483D9B1E93BD6C006FB815 /* Build configuration list for PBXProject "Calculator" */;
			compatibilityVersion = "Xcode 3.2";
			developmentRegion = English;
			hasScannedForEncodings = 0;
			knownRegions = (
				en,
				Base,
			);
			mainGroup = BF483D971E93BD6C006FB815;
			productRefGroup = BF483DA11E93BD6C006FB815 /* Products */;
			projectDirPath = "";
			projectRoot = "";
			targets = (
				BF483D9F1E93BD6C006FB815 /* Calculator */,
			);
		};
/* End PBXProject section */

/* Begin PBXResourcesBuildPhase section */
		BF483D9E1E93BD6C006FB815 /* Resources */ = {
			isa = PBXResourcesBuildPhase;
			buildActionMask = 2147483647;
			files = (
				BF483DAE1E93BD6C006FB815 /* LaunchScreen.storyboard in Resources */,
				BF483DAB1E93BD6C006FB815 /* Assets.xcassets in Resources */,
				BF483DA91E93BD6C006FB815 /* Main.storyboard in Resources */,
			);
			runOnlyForDeploymentPostprocessing = 0;
		};
/* End PBXResourcesBuildPhase section */

/* Begin PBXSourcesBuildPhase section */
		BF483D9C1E93BD6C006FB815 /* Sources */ = {
			isa = PBXSourcesBuildPhase;
			buildActionMask = 2147483647;
			files = (
				BF483DA61E93BD6C006FB815 /* ViewController.swift in Sources */,
				BF483DA41E93BD6C006FB815 /* AppDelegate.swift in Sources */,
			);
			runOnlyForDeploymentPostprocessing = 0;
		};
/* End PBXSourcesBuildPhase section */

/* Begin PBXVariantGroup section */
		BF483DA71E93BD6C006FB815 /* Main.storyboard */ = {
			isa = PBXVariantGroup;
			children = (
				BF483DA81E93BD6C006FB815 /* Base */,
			);
			name = Main.storyboard;
			sourceTree = "<group>";
		};
		BF483DAC1E93BD6C006FB815 /* LaunchScreen.storyboard */ = {
			isa = PBXVariantGroup;
			children = (
				BF483DAD1E93BD6C006FB815 /* Base */,
			);
			name = LaunchScreen.storyboard;
			sourceTree = "<group>";
		};
/* End PBXVariantGroup section */

/* Begin XCBuildConfiguration section */
		BF483DB01E93BD6C006FB815 /* Debug */ = {
			isa = XCBuildConfiguration;
			buildSettings = {
				ALWAYS_SEARCH_USER_PATHS = NO;
				CLANG_ANALYZER_NONNULL = YES;
				CLANG_CXX_LANGUAGE_STANDARD = "gnu++0x";
				CLANG_CXX_LIBRARY = "libc++";
				CLANG_ENABLE_MODULES = YES;
				CLANG_ENABLE_OBJC_ARC = YES;
				CLANG_WARN_BOOL_CONVERSION = YES;
				CLANG_WARN_CONSTANT_CONVERSION = YES;
				CLANG_WARN_DIRECT_OBJC_ISA_USAGE = YES_ERROR;
				CLANG_WARN_DOCUMENTATION_COMMENTS = YES;
				CLANG_WARN_EMPTY_BODY = YES;
				CLANG_WARN_ENUM_CONVERSION = YES;
				CLANG_WARN_INFINITE_RECURSION = YES;
				CLANG_WARN_INT_CONVERSION = YES;
				CLANG_WARN_OBJC_ROOT_CLASS = YES_ERROR;
				CLANG_WARN_SUSPICIOUS_MOVE = YES;
				CLANG_WARN_UNREACHABLE_CODE = YES;
				CLANG_WARN__DUPLICATE_METHOD_MATCH = YES;
				"CODE_SIGN_IDENTITY[sdk=iphoneos*]" = "iPhone Developer";
				COPY_PHASE_STRIP = NO;
				DEBUG_INFORMATION_FORMAT = dwarf;
				ENABLE_STRICT_OBJC_MSGSEND = YES;
				ENABLE_TESTABILITY = YES;
				GCC_C_LANGUAGE_STANDARD = gnu99;
				GCC_DYNAMIC_NO_PIC = NO;
				GCC_NO_COMMON_BLOCKS = YES;
				GCC_OPTIMIZATION_LEVEL = 0;
				GCC_PREPROCESSOR_DEFINITIONS = (
					"DEBUG=1",
					"$(inherited)",
				);
				GCC_WARN_64_TO_32_BIT_CONVERSION = YES;
				GCC_WARN_ABOUT_RETURN_TYPE = YES_ERROR;
				GCC_WARN_UNDECLARED_SELECTOR = YES;
				GCC_WARN_UNINITIALIZED_AUTOS = YES_AGGRESSIVE;
				GCC_WARN_UNUSED_FUNCTION = YES;
				GCC_WARN_UNUSED_VARIABLE = YES;
				IPHONEOS_DEPLOYMENT_TARGET = 10.2;
				MTL_ENABLE_DEBUG_INFO = YES;
				ONLY_ACTIVE_ARCH = YES;
				SDKROOT = iphoneos;
				SWIFT_ACTIVE_COMPILATION_CONDITIONS = DEBUG;
				SWIFT_OPTIMIZATION_LEVEL = "-Onone";
				TARGETED_DEVICE_FAMILY = "1,2";
			};
			name = Debug;
		};
		BF483DB11E93BD6C006FB815 /* Release */ = {
			isa = XCBuildConfiguration;
			buildSettings = {
				ALWAYS_SEARCH_USER_PATHS = NO;
				CLANG_ANALYZER_NONNULL = YES;
				CLANG_CXX_LANGUAGE_STANDARD = "gnu++0x";
				CLANG_CXX_LIBRARY = "libc++";
				CLANG_ENABLE_MODULES = YES;
				CLANG_ENABLE_OBJC_ARC = YES;
				CLANG_WARN_BOOL_CONVERSION = YES;
				CLANG_WARN_CONSTANT_CONVERSION = YES;
				CLANG_WARN_DIRECT_OBJC_ISA_USAGE = YES_ERROR;
				CLANG_WARN_DOCUMENTATION_COMMENTS = YES;
				CLANG_WARN_EMPTY_BODY = YES;
				CLANG_WARN_ENUM_CONVERSION = YES;
				CLANG_WARN_INFINITE_RECURSION = YES;
				CLANG_WARN_INT_CONVERSION = YES;
				CLANG_WARN_OBJC_ROOT_CLASS = YES_ERROR;
				CLANG_WARN_SUSPICIOUS_MOVE = YES;
				CLANG_WARN_UNREACHABLE_CODE = YES;
				CLANG_WARN__DUPLICATE_METHOD_MATCH = YES;
				"CODE_SIGN_IDENTITY[sdk=iphoneos*]" = "iPhone Developer";
				COPY_PHASE_STRIP = NO;
				DEBUG_INFORMATION_FORMAT = "dwarf-with-dsym";
				ENABLE_NS_ASSERTIONS = NO;
				ENABLE_STRICT_OBJC_MSGSEND = YES;
				GCC_C_LANGUAGE_STANDARD = gnu99;
				GCC_NO_COMMON_BLOCKS = YES;
				GCC_WARN_64_TO_32_BIT_CONVERSION = YES;
				GCC_WARN_ABOUT_RETURN_TYPE = YES_ERROR;
				GCC_WARN_UNDECLARED_SELECTOR = YES;
				GCC_WARN_UNINITIALIZED_AUTOS = YES_AGGRESSIVE;
				GCC_WARN_UNUSED_FUNCTION = YES;
				GCC_WARN_UNUSED_VARIABLE = YES;
				IPHONEOS_DEPLOYMENT_TARGET = 10.2;
				MTL_ENABLE_DEBUG_INFO = NO;
				SDKROOT = iphoneos;
				SWIFT_OPTIMIZATION_LEVEL = "-Owholemodule";
				TARGETED_DEVICE_FAMILY = "1,2";
				VALIDATE_PRODUCT = YES;
			};
			name = Release;
		};
		BF483DB31E93BD6C006FB815 /* Debug */ = {
			isa = XCBuildConfiguration;
			buildSettings = {
				ASSETCATALOG_COMPILER_APPICON_NAME = AppIcon;
				DEVELOPMENT_TEAM = VRG6PLH725;
				INFOPLIST_FILE = Calculator/Info.plist;
				LD_RUNPATH_SEARCH_PATHS = "$(inherited) @executable_path/Frameworks";
				PRODUCT_BUNDLE_IDENTIFIER = com.monomills.Calculator;
				PRODUCT_NAME = "$(TARGET_NAME)";
				SWIFT_VERSION = 3.0;
			};
			name = Debug;
		};
		BF483DB41E93BD6C006FB815 /* Release */ = {
			isa = XCBuildConfiguration;
			buildSettings = {
				ASSETCATALOG_COMPILER_APPICON_NAME = AppIcon;
				DEVELOPMENT_TEAM = VRG6PLH725;
				INFOPLIST_FILE = Calculator/Info.plist;
				LD_RUNPATH_SEARCH_PATHS = "$(inherited) @executable_path/Frameworks";
				PRODUCT_BUNDLE_IDENTIFIER = com.monomills.Calculator;
				PRODUCT_NAME = "$(TARGET_NAME)";
				SWIFT_VERSION = 3.0;
			};
			name = Release;
		};
/* End XCBuildConfiguration section */

/* Begin XCConfigurationList section */
		BF483D9B1E93BD6C006FB815 /* Build configuration list for PBXProject "Calculator" */ = {
			isa = XCConfigurationList;
			buildConfigurations = (
				BF483DB01E93BD6C006FB815 /* Debug */,
				BF483DB11E93BD6C006FB815 /* Release */,
			);
			defaultConfigurationIsVisible = 0;
			defaultConfigurationName = Release;
		};
		BF483DB21E93BD6C006FB815 /* Build configuration list for PBXNativeTarget "Calculator" */ = {
			isa = XCConfigurationList;
			buildConfigurations = (
				BF483DB31E93BD6C006FB815 /* Debug */,
				BF483DB41E93BD6C006FB815 /* Release */,
			);
			defaultConfigurationIsVisible = 0;
			defaultConfigurationName = Release;
		};
/* End XCConfigurationList section */
	};
	rootObject = BF483D981E93BD6C006FB815 /* Project object */;
}
